
Microsoft Visual Studio Solution File, Format Version 12.00
# Visual Studio Version 16
VisualStudioVersion = 16.0.29905.134
MinimumVisualStudioVersion = 10.0.40219.1
Project("{FAE04EC0-301F-11D3-BF4B-00C04F79EFBC}") = "ClassAndInterface", "ClassAndInterface\ClassAndInterface.csproj", "{328B65EE-79AF-434D-9F89-D437AB49A75E}"
EndProject
Global
	GlobalSection(SolutionConfigurationPlatforms) = preSolution
		Debug|Any CPU = Debug|Any CPU
		Release|Any CPU = Release|Any CPU
	EndGlobalSection
	GlobalSection(ProjectConfigurationPlatforms) = postSolution
		{328B65EE-79AF-434D-9F89-D437AB49A75E}.Debug|Any CPU.ActiveCfg = Debug|Any CPU
		{328B65EE-79AF-434D-9F89-D437AB49A75E}.Debug|Any CPU.Build.0 = Debug|Any CPU
		{328B65EE-79AF-434D-9F89-D437AB49A75E}.Release|Any CPU.ActiveCfg = Release|Any CPU
		{328B65EE-79AF-434D-9F89-D437AB49A75E}.Release|Any CPU.Build.0 = Release|Any CPU
	EndGlobalSection
	GlobalSection(SolutionProperties) = preSolution
		HideSolutionNode = FALSE
	EndGlobalSection
	GlobalSection(ExtensibilityGlobals) = postSolution
		SolutionGuid = {A8E2446E-F610-46CC-91A3-C64D309C4C26}
	EndGlobalSection
EndGlobal
