
Microsoft Visual Studio Solution File, Format Version 12.00
# Visual Studio Version 16
VisualStudioVersion = 16.0.29905.134
MinimumVisualStudioVersion = 10.0.40219.1
Project("{FAE04EC0-301F-11D3-BF4B-00C04F79EFBC}") = "Serialization", "Serialization\Serialization.csproj", "{FA69DABD-A91C-422F-9273-67346FA1D26D}"
EndProject
Global
	GlobalSection(SolutionConfigurationPlatforms) = preSolution
		Debug|Any CPU = Debug|Any CPU
		Release|Any CPU = Release|Any CPU
	EndGlobalSection
	GlobalSection(ProjectConfigurationPlatforms) = postSolution
		{FA69DABD-A91C-422F-9273-67346FA1D26D}.Debug|Any CPU.ActiveCfg = Debug|Any CPU
		{FA69DABD-A91C-422F-9273-67346FA1D26D}.Debug|Any CPU.Build.0 = Debug|Any CPU
		{FA69DABD-A91C-422F-9273-67346FA1D26D}.Release|Any CPU.ActiveCfg = Release|Any CPU
		{FA69DABD-A91C-422F-9273-67346FA1D26D}.Release|Any CPU.Build.0 = Release|Any CPU
	EndGlobalSection
	GlobalSection(SolutionProperties) = preSolution
		HideSolutionNode = FALSE
	EndGlobalSection
	GlobalSection(ExtensibilityGlobals) = postSolution
		SolutionGuid = {E6113D24-155F-426F-A9FC-86CFB3C3D8AA}
	EndGlobalSection
EndGlobal
