
Microsoft Visual Studio Solution File, Format Version 12.00
# Visual Studio Version 16
VisualStudioVersion = 16.0.29911.84
MinimumVisualStudioVersion = 10.0.40219.1
Project("{FAE04EC0-301F-11D3-BF4B-00C04F79EFBC}") = "EfDemo", "EfDemo\EfDemo.csproj", "{8CD6D940-5C88-4F4D-A9B1-AF5673485E98}"
EndProject
Global
	GlobalSection(SolutionConfigurationPlatforms) = preSolution
		Debug|Any CPU = Debug|Any CPU
		Release|Any CPU = Release|Any CPU
	EndGlobalSection
	GlobalSection(ProjectConfigurationPlatforms) = postSolution
		{8CD6D940-5C88-4F4D-A9B1-AF5673485E98}.Debug|Any CPU.ActiveCfg = Debug|Any CPU
		{8CD6D940-5C88-4F4D-A9B1-AF5673485E98}.Debug|Any CPU.Build.0 = Debug|Any CPU
		{8CD6D940-5C88-4F4D-A9B1-AF5673485E98}.Release|Any CPU.ActiveCfg = Release|Any CPU
		{8CD6D940-5C88-4F4D-A9B1-AF5673485E98}.Release|Any CPU.Build.0 = Release|Any CPU
	EndGlobalSection
	GlobalSection(SolutionProperties) = preSolution
		HideSolutionNode = FALSE
	EndGlobalSection
	GlobalSection(ExtensibilityGlobals) = postSolution
		SolutionGuid = {D5E96A0C-227C-4129-9749-0153415068CF}
	EndGlobalSection
EndGlobal
